
Microsoft Visual Studio Solution File, Format Version 12.00
# Visual Studio Version 16
VisualStudioVersion = 16.0.30002.166
MinimumVisualStudioVersion = 10.0.40219.1
Project("{9A19103F-16F7-4668-BE54-9A1E7A4F7556}") = "Template_NET_5_WORKER.CoreService", "src\Template_NET_5_WORKER.CoreService\Template_NET_5_WORKER.CoreService.csproj", "{82CAFBA0-176E-4AFF-842C-7361D58667CC}"
EndProject
Project("{9A19103F-16F7-4668-BE54-9A1E7A4F7556}") = "Template_NET_5_WORKER.CoreService.Tests", "tests\Template_NET_5_WORKER.CoreService.Tests\Template_NET_5_WORKER.CoreService.Tests.csproj", "{B89601E1-DF11-4590-ABBA-CB52612F3439}"
EndProject
Project("{2150E333-8FDC-42A3-9474-1A3956D46DE8}") = "Tests", "Tests", "{2D1E9130-23B6-4B73-99C1-E2A786463E42}"
EndProject
Project("{E53339B2-1760-4266-BCC7-CA923CBCF16C}") = "docker-compose", "docker-compose.dcproj", "{A9AE493D-6527-4DD3-A374-49DB461F5AD9}"
EndProject
Project("{9A19103F-16F7-4668-BE54-9A1E7A4F7556}") = "Template_NET_5_WORKER.Components", "src\Template_NET_5_WORKER.Components\Template_NET_5_WORKER.Components.csproj", "{4CB028DA-A6DF-4A65-AB53-A45AD2413421}"
EndProject
Project("{9A19103F-16F7-4668-BE54-9A1E7A4F7556}") = "Template_NET_5_WORKER.Contracts", "src\Template_NET_5_WORKER.Contracts\Template_NET_5_WORKER.Contracts.csproj", "{6EC118B4-C1A1-48C0-B3D3-F3CC31988DC8}"
EndProject
Project("{9A19103F-16F7-4668-BE54-9A1E7A4F7556}") = "Template_NET_5_WORKER.Components.Tests", "tests\Template_NET_5_WORKER.Components.Tests\Template_NET_5_WORKER.Components.Tests.csproj", "{7CEFCCCF-2A58-4F02-8F7A-F799E1D37861}"
EndProject
Global
	GlobalSection(SolutionConfigurationPlatforms) = preSolution
		Debug|Any CPU = Debug|Any CPU
		Release|Any CPU = Release|Any CPU
	EndGlobalSection
	GlobalSection(ProjectConfigurationPlatforms) = postSolution
		{82CAFBA0-176E-4AFF-842C-7361D58667CC}.Debug|Any CPU.ActiveCfg = Debug|Any CPU
		{82CAFBA0-176E-4AFF-842C-7361D58667CC}.Debug|Any CPU.Build.0 = Debug|Any CPU
		{82CAFBA0-176E-4AFF-842C-7361D58667CC}.Release|Any CPU.ActiveCfg = Release|Any CPU
		{82CAFBA0-176E-4AFF-842C-7361D58667CC}.Release|Any CPU.Build.0 = Release|Any CPU
		{B89601E1-DF11-4590-ABBA-CB52612F3439}.Debug|Any CPU.ActiveCfg = Debug|Any CPU
		{B89601E1-DF11-4590-ABBA-CB52612F3439}.Debug|Any CPU.Build.0 = Debug|Any CPU
		{B89601E1-DF11-4590-ABBA-CB52612F3439}.Release|Any CPU.ActiveCfg = Release|Any CPU
		{B89601E1-DF11-4590-ABBA-CB52612F3439}.Release|Any CPU.Build.0 = Release|Any CPU
		{A9AE493D-6527-4DD3-A374-49DB461F5AD9}.Debug|Any CPU.ActiveCfg = Debug|Any CPU
		{A9AE493D-6527-4DD3-A374-49DB461F5AD9}.Debug|Any CPU.Build.0 = Debug|Any CPU
		{A9AE493D-6527-4DD3-A374-49DB461F5AD9}.Release|Any CPU.ActiveCfg = Release|Any CPU
		{A9AE493D-6527-4DD3-A374-49DB461F5AD9}.Release|Any CPU.Build.0 = Release|Any CPU
		{4CB028DA-A6DF-4A65-AB53-A45AD2413421}.Debug|Any CPU.ActiveCfg = Debug|Any CPU
		{4CB028DA-A6DF-4A65-AB53-A45AD2413421}.Debug|Any CPU.Build.0 = Debug|Any CPU
		{4CB028DA-A6DF-4A65-AB53-A45AD2413421}.Release|Any CPU.ActiveCfg = Release|Any CPU
		{4CB028DA-A6DF-4A65-AB53-A45AD2413421}.Release|Any CPU.Build.0 = Release|Any CPU
		{6EC118B4-C1A1-48C0-B3D3-F3CC31988DC8}.Debug|Any CPU.ActiveCfg = Debug|Any CPU
		{6EC118B4-C1A1-48C0-B3D3-F3CC31988DC8}.Debug|Any CPU.Build.0 = Debug|Any CPU
		{6EC118B4-C1A1-48C0-B3D3-F3CC31988DC8}.Release|Any CPU.ActiveCfg = Release|Any CPU
		{6EC118B4-C1A1-48C0-B3D3-F3CC31988DC8}.Release|Any CPU.Build.0 = Release|Any CPU
		{7CEFCCCF-2A58-4F02-8F7A-F799E1D37861}.Debug|Any CPU.ActiveCfg = Debug|Any CPU
		{7CEFCCCF-2A58-4F02-8F7A-F799E1D37861}.Debug|Any CPU.Build.0 = Debug|Any CPU
		{7CEFCCCF-2A58-4F02-8F7A-F799E1D37861}.Release|Any CPU.ActiveCfg = Release|Any CPU
		{7CEFCCCF-2A58-4F02-8F7A-F799E1D37861}.Release|Any CPU.Build.0 = Release|Any CPU
	EndGlobalSection
	GlobalSection(SolutionProperties) = preSolution
		HideSolutionNode = FALSE
	EndGlobalSection
	GlobalSection(NestedProjects) = preSolution
		{B89601E1-DF11-4590-ABBA-CB52612F3439} = {2D1E9130-23B6-4B73-99C1-E2A786463E42}
		{7CEFCCCF-2A58-4F02-8F7A-F799E1D37861} = {2D1E9130-23B6-4B73-99C1-E2A786463E42}
	EndGlobalSection
	GlobalSection(ExtensibilityGlobals) = postSolution
		SolutionGuid = {2AE0B9C8-17AC-4257-BE45-AC944FF063BB}
	EndGlobalSection
EndGlobal
